
Microsoft Visual Studio Solution File, Format Version 12.00
# Visual Studio Version 18
VisualStudioVersion = 18.6.11819.183 stable
MinimumVisualStudioVersion = 10.0.40219.1
Project("{FAE04EC0-301F-11D3-BF4B-00C04F79EFBC}") = "FlowDesk.API", "FlowDesk.API\FlowDesk.API.csproj", "{DF3EAE14-9F74-4AC7-9D9A-6629EBCD37CC}"
EndProject
Project("{FAE04EC0-301F-11D3-BF4B-00C04F79EFBC}") = "FlowDesk.Core", "FlowDesk.core\FlowDesk.Core.csproj", "{F9378D67-158E-4326-90F4-72A35FAC1412}"
EndProject
Project("{FAE04EC0-301F-11D3-BF4B-00C04F79EFBC}") = "FlowDesk.Infrastructure", "FlowDesk.Infrastructure\FlowDesk.Infrastructure.csproj", "{14228A2F-748E-4D96-B357-D18092492F51}"
EndProject
Global
	GlobalSection(SolutionConfigurationPlatforms) = preSolution
		Debug|Any CPU = Debug|Any CPU
		Release|Any CPU = Release|Any CPU
	EndGlobalSection
	GlobalSection(ProjectConfigurationPlatforms) = postSolution
		{DF3EAE14-9F74-4AC7-9D9A-6629EBCD37CC}.Debug|Any CPU.ActiveCfg = Debug|Any CPU
		{DF3EAE14-9F74-4AC7-9D9A-6629EBCD37CC}.Debug|Any CPU.Build.0 = Debug|Any CPU
		{DF3EAE14-9F74-4AC7-9D9A-6629EBCD37CC}.Release|Any CPU.ActiveCfg = Release|Any CPU
		{DF3EAE14-9F74-4AC7-9D9A-6629EBCD37CC}.Release|Any CPU.Build.0 = Release|Any CPU
		{F9378D67-158E-4326-90F4-72A35FAC1412}.Debug|Any CPU.ActiveCfg = Debug|Any CPU
		{F9378D67-158E-4326-90F4-72A35FAC1412}.Debug|Any CPU.Build.0 = Debug|Any CPU
		{F9378D67-158E-4326-90F4-72A35FAC1412}.Release|Any CPU.ActiveCfg = Release|Any CPU
		{F9378D67-158E-4326-90F4-72A35FAC1412}.Release|Any CPU.Build.0 = Release|Any CPU
		{14228A2F-748E-4D96-B357-D18092492F51}.Debug|Any CPU.ActiveCfg = Debug|Any CPU
		{14228A2F-748E-4D96-B357-D18092492F51}.Debug|Any CPU.Build.0 = Debug|Any CPU
		{14228A2F-748E-4D96-B357-D18092492F51}.Release|Any CPU.ActiveCfg = Release|Any CPU
		{14228A2F-748E-4D96-B357-D18092492F51}.Release|Any CPU.Build.0 = Release|Any CPU
	EndGlobalSection
	GlobalSection(SolutionProperties) = preSolution
		HideSolutionNode = FALSE
	EndGlobalSection
	GlobalSection(ExtensibilityGlobals) = postSolution
		SolutionGuid = {DE163E40-534E-4B5F-B21E-F2AA644B3ED2}
	EndGlobalSection
EndGlobal
